
Microsoft Visual Studio Solution File, Format Version 12.00
# Visual Studio Version 17
VisualStudioVersion = 17.11.35222.181
MinimumVisualStudioVersion = 10.0.40219.1
Project("{888888A0-9F3D-457C-B088-3A5042F75D52}") = "Práctica 10(3)", "Práctica 10(3).pyproj", "{3BAE2A75-DB58-4591-A311-620F4D05AC72}"
EndProject
Global
	GlobalSection(SolutionConfigurationPlatforms) = preSolution
		Debug|Any CPU = Debug|Any CPU
		Release|Any CPU = Release|Any CPU
	EndGlobalSection
	GlobalSection(ProjectConfigurationPlatforms) = postSolution
		{3BAE2A75-DB58-4591-A311-620F4D05AC72}.Debug|Any CPU.ActiveCfg = Debug|Any CPU
		{3BAE2A75-DB58-4591-A311-620F4D05AC72}.Release|Any CPU.ActiveCfg = Release|Any CPU
	EndGlobalSection
	GlobalSection(SolutionProperties) = preSolution
		HideSolutionNode = FALSE
	EndGlobalSection
	GlobalSection(ExtensibilityGlobals) = postSolution
		SolutionGuid = {DF641B9F-B57C-46B1-B625-3A5E427F04F7}
	EndGlobalSection
EndGlobal
